// !$*UTF8*$!
{
	archiveVersion = 1;
	classes = {
	};
	objectVersion = 51;
	objects = {

/* Begin PBXBuildFile section */
		8874458ED03EA2C502219A70 /* Pods_datachest_ios.framework in Frameworks */ = {isa = PBXBuildFile; fileRef = C3E352177E478A37BF0A1612 /* Pods_datachest_ios.framework */; };
		BC0C23EC27F2781A00093020 /* DeviceHelper.swift in Sources */ = {isa = PBXBuildFile; fileRef = BC0C23EB27F2781A00093020 /* DeviceHelper.swift */; };
		BC88418A274FF44C00E6E1E2 /* datachest_iosApp.swift in Sources */ = {isa = PBXBuildFile; fileRef = BC884189274FF44C00E6E1E2 /* datachest_iosApp.swift */; };
		BC88418C274FF44C00E6E1E2 /* ProfileView.swift in Sources */ = {isa = PBXBuildFile; fileRef = BC88418B274FF44C00E6E1E2 /* ProfileView.swift */; };
		BC88418E274FF44D00E6E1E2 /* Assets.xcassets in Resources */ = {isa = PBXBuildFile; fileRef = BC88418D274FF44D00E6E1E2 /* Assets.xcassets */; };
		BC884191274FF44D00E6E1E2 /* Preview Assets.xcassets in Resources */ = {isa = PBXBuildFile; fileRef = BC884190274FF44D00E6E1E2 /* Preview Assets.xcassets */; };
		BC8841A2274FF57C00E6E1E2 /* ShamirSecretSharing.swift in Sources */ = {isa = PBXBuildFile; fileRef = BC8841A1274FF57C00E6E1E2 /* ShamirSecretSharing.swift */; };
		BC9C7E8F27E7A94700ECCA44 /* GoogleDriveModel.swift in Sources */ = {isa = PBXBuildFile; fileRef = BC9C7E8E27E7A94700ECCA44 /* GoogleDriveModel.swift */; };
		BC9C7E9227E7F2DC00ECCA44 /* DatachestModel.swift in Sources */ = {isa = PBXBuildFile; fileRef = BC9C7E9127E7F2DC00ECCA44 /* DatachestModel.swift */; };
		BC9E65A527D7B75000A6E99F /* Endpoint.swift in Sources */ = {isa = PBXBuildFile; fileRef = BC9E65A427D7B75000A6E99F /* Endpoint.swift */; };
		BC9E65A827D7C68F00A6E99F /* SignedUser.swift in Sources */ = {isa = PBXBuildFile; fileRef = BC9E65A727D7C68F00A6E99F /* SignedUser.swift */; };
		BC9E65AB27D7C72500A6E99F /* KeychainHelper.swift in Sources */ = {isa = PBXBuildFile; fileRef = BC9E65AA27D7C72500A6E99F /* KeychainHelper.swift */; };
		BCA3933527F1FCCD006B2A94 /* ApplicationStore.swift in Sources */ = {isa = PBXBuildFile; fileRef = BCA3933427F1FCCD006B2A94 /* ApplicationStore.swift */; };
		BCA3933927F203D8006B2A94 /* MainView.swift in Sources */ = {isa = PBXBuildFile; fileRef = BCA3933827F203D8006B2A94 /* MainView.swift */; };
		BCA3933E27F20710006B2A94 /* FilesView.swift in Sources */ = {isa = PBXBuildFile; fileRef = BCA3933D27F20710006B2A94 /* FilesView.swift */; };
		BCA3934127F2071D006B2A94 /* UploadView.swift in Sources */ = {isa = PBXBuildFile; fileRef = BCA3934027F2071D006B2A94 /* UploadView.swift */; };
		BCA3934827F25D2B006B2A94 /* GoogleDriveFacade.swift in Sources */ = {isa = PBXBuildFile; fileRef = BCA3934727F25D2B006B2A94 /* GoogleDriveFacade.swift */; };
		BCA3934D27F25E65006B2A94 /* UploadViewModel.swift in Sources */ = {isa = PBXBuildFile; fileRef = BCA3934C27F25E65006B2A94 /* UploadViewModel.swift */; };
		BCA4F84C27F3402000FBF046 /* GoogleService-Info.plist in Resources */ = {isa = PBXBuildFile; fileRef = BCA4F84B27F3402000FBF046 /* GoogleService-Info.plist */; };
		BCA4F8D227F3B55200FBF046 /* FirestoreModel.swift in Sources */ = {isa = PBXBuildFile; fileRef = BCA4F8D127F3B55200FBF046 /* FirestoreModel.swift */; };
		BCA5182127CA854100D98A49 /* GoogleDriveService.swift in Sources */ = {isa = PBXBuildFile; fileRef = BCA5182027CA854100D98A49 /* GoogleDriveService.swift */; };
		BCA768F127E1B7DB002F0817 /* MicrosoftOneDriveModel.swift in Sources */ = {isa = PBXBuildFile; fileRef = BCA768F027E1B7DB002F0817 /* MicrosoftOneDriveModel.swift */; };
		BCAB051527C2A97500E7323A /* DatachestAppDelegate.swift in Sources */ = {isa = PBXBuildFile; fileRef = BCAB051427C2A97500E7323A /* DatachestAppDelegate.swift */; };
		BCAB051827C2AE5800E7323A /* DatachestSceneDelegate.swift in Sources */ = {isa = PBXBuildFile; fileRef = BCAB051727C2AE5800E7323A /* DatachestSceneDelegate.swift */; };
		BCABF2B327EDFE4000617E9F /* GoogleDriveFileDownloadSession.swift in Sources */ = {isa = PBXBuildFile; fileRef = BCABF2B227EDFE4000617E9F /* GoogleDriveFileDownloadSession.swift */; };
		BCABF2B627EDFE6B00617E9F /* FileDownloadSession.swift in Sources */ = {isa = PBXBuildFile; fileRef = BCABF2B527EDFE6B00617E9F /* FileDownloadSession.swift */; };
		BCABF2BA27EE02BA00617E9F /* CommonCloudContainer.swift in Sources */ = {isa = PBXBuildFile; fileRef = BCABF2B927EE02BA00617E9F /* CommonCloudContainer.swift */; };
		BCAD586327DFA993005C4B59 /* MicrosoftOneDriveFacade.swift in Sources */ = {isa = PBXBuildFile; fileRef = BCAD586227DFA993005C4B59 /* MicrosoftOneDriveFacade.swift */; };
		BCAD586627DFA9A2005C4B59 /* MicrosoftOneDriveFileUploadSession.swift in Sources */ = {isa = PBXBuildFile; fileRef = BCAD586527DFA9A2005C4B59 /* MicrosoftOneDriveFileUploadSession.swift */; };
		BCAD586927DFA9AF005C4B59 /* MicrosoftOneDriveService.swift in Sources */ = {isa = PBXBuildFile; fileRef = BCAD586827DFA9AF005C4B59 /* MicrosoftOneDriveService.swift */; };
		BCAD586D27DFB81F005C4B59 /* MicrosoftOneDriveEndpoints.swift in Sources */ = {isa = PBXBuildFile; fileRef = BCAD586C27DFB81F005C4B59 /* MicrosoftOneDriveEndpoints.swift */; };
		BCBB66D727C17F0F006DC95A /* DropboxAuthService.swift in Sources */ = {isa = PBXBuildFile; fileRef = BCBB66D627C17F0F006DC95A /* DropboxAuthService.swift */; };
		BCBC580027BC101B0094EC20 /* GoogleAuthService.swift in Sources */ = {isa = PBXBuildFile; fileRef = BCBC57FF27BC101B0094EC20 /* GoogleAuthService.swift */; };
		BCBC6C3E27D7F22D00E16BA2 /* FilesViewModel.swift in Sources */ = {isa = PBXBuildFile; fileRef = BCBC6C3D27D7F22D00E16BA2 /* FilesViewModel.swift */; };
		BCBF3A5A27DE3AA600566CD7 /* DropboxService.swift in Sources */ = {isa = PBXBuildFile; fileRef = BCBF3A5927DE3AA600566CD7 /* DropboxService.swift */; };
		BCBF3A5D27DE3B1500566CD7 /* NetworkService.swift in Sources */ = {isa = PBXBuildFile; fileRef = BCBF3A5C27DE3B1500566CD7 /* NetworkService.swift */; };
		BCBF3A6127DE3DC400566CD7 /* DropboxEndpoints.swift in Sources */ = {isa = PBXBuildFile; fileRef = BCBF3A6027DE3DC400566CD7 /* DropboxEndpoints.swift */; };
		BCBF3A6527DE4EF300566CD7 /* DropboxModel.swift in Sources */ = {isa = PBXBuildFile; fileRef = BCBF3A6427DE4EF300566CD7 /* DropboxModel.swift */; };
		BCC170E927D682450073789D /* GoogleDriveEndpoints.swift in Sources */ = {isa = PBXBuildFile; fileRef = BCC170E827D682450073789D /* GoogleDriveEndpoints.swift */; };
		BCC1F97227F5F602008E9E38 /* MicrosoftOneDriveFileDownloadSession.swift in Sources */ = {isa = PBXBuildFile; fileRef = BCC1F97127F5F602008E9E38 /* MicrosoftOneDriveFileDownloadSession.swift */; };
		BCCD6CA127DD034400566F8A /* GoogleDriveFileUploadSession.swift in Sources */ = {isa = PBXBuildFile; fileRef = BCCD6CA027DD034400566F8A /* GoogleDriveFileUploadSession.swift */; };
		BCEC97A227DDD817007416F5 /* DropboxFacade.swift in Sources */ = {isa = PBXBuildFile; fileRef = BCEC97A127DDD817007416F5 /* DropboxFacade.swift */; };
		BCEC97A527DDD84E007416F5 /* DropboxFileUploadSession.swift in Sources */ = {isa = PBXBuildFile; fileRef = BCEC97A427DDD84E007416F5 /* DropboxFileUploadSession.swift */; };
		BCEC97A827DDD8B1007416F5 /* FileUploadSession.swift in Sources */ = {isa = PBXBuildFile; fileRef = BCEC97A727DDD8B1007416F5 /* FileUploadSession.swift */; };
		BCFBCA0D27C10929000DF554 /* MicrosoftAuthService.swift in Sources */ = {isa = PBXBuildFile; fileRef = BCFBCA0C27C10929000DF554 /* MicrosoftAuthService.swift */; };
/* End PBXBuildFile section */

/* Begin PBXFileReference section */
		8221AF8B4D1DCE04AD81D5B1 /* Pods-datachest-ios.release.xcconfig */ = {isa = PBXFileReference; includeInIndex = 1; lastKnownFileType = text.xcconfig; name = "Pods-datachest-ios.release.xcconfig"; path = "Target Support Files/Pods-datachest-ios/Pods-datachest-ios.release.xcconfig"; sourceTree = "<group>"; };
		BC0C23EB27F2781A00093020 /* DeviceHelper.swift */ = {isa = PBXFileReference; lastKnownFileType = sourcecode.swift; path = DeviceHelper.swift; sourceTree = "<group>"; };
		BC884186274FF44C00E6E1E2 /* datachest-ios.app */ = {isa = PBXFileReference; explicitFileType = wrapper.application; includeInIndex = 0; path = "datachest-ios.app"; sourceTree = BUILT_PRODUCTS_DIR; };
		BC884189274FF44C00E6E1E2 /* datachest_iosApp.swift */ = {isa = PBXFileReference; lastKnownFileType = sourcecode.swift; path = datachest_iosApp.swift; sourceTree = "<group>"; };
		BC88418B274FF44C00E6E1E2 /* ProfileView.swift */ = {isa = PBXFileReference; lastKnownFileType = sourcecode.swift; path = ProfileView.swift; sourceTree = "<group>"; };
		BC88418D274FF44D00E6E1E2 /* Assets.xcassets */ = {isa = PBXFileReference; lastKnownFileType = folder.assetcatalog; path = Assets.xcassets; sourceTree = "<group>"; };
		BC884190274FF44D00E6E1E2 /* Preview Assets.xcassets */ = {isa = PBXFileReference; lastKnownFileType = folder.assetcatalog; path = "Preview Assets.xcassets"; sourceTree = "<group>"; };
		BC884192274FF44D00E6E1E2 /* Info.plist */ = {isa = PBXFileReference; lastKnownFileType = text.plist.xml; path = Info.plist; sourceTree = "<group>"; };
		BC8841A1274FF57C00E6E1E2 /* ShamirSecretSharing.swift */ = {isa = PBXFileReference; lastKnownFileType = sourcecode.swift; path = ShamirSecretSharing.swift; sourceTree = "<group>"; };
		BC9C7E8E27E7A94700ECCA44 /* GoogleDriveModel.swift */ = {isa = PBXFileReference; lastKnownFileType = sourcecode.swift; path = GoogleDriveModel.swift; sourceTree = "<group>"; };
		BC9C7E9127E7F2DC00ECCA44 /* DatachestModel.swift */ = {isa = PBXFileReference; lastKnownFileType = sourcecode.swift; path = DatachestModel.swift; sourceTree = "<group>"; };
		BC9E65A427D7B75000A6E99F /* Endpoint.swift */ = {isa = PBXFileReference; lastKnownFileType = sourcecode.swift; path = Endpoint.swift; sourceTree = "<group>"; };
		BC9E65A727D7C68F00A6E99F /* SignedUser.swift */ = {isa = PBXFileReference; lastKnownFileType = sourcecode.swift; path = SignedUser.swift; sourceTree = "<group>"; };
		BC9E65AA27D7C72500A6E99F /* KeychainHelper.swift */ = {isa = PBXFileReference; lastKnownFileType = sourcecode.swift; path = KeychainHelper.swift; sourceTree = "<group>"; };
		BCA3933427F1FCCD006B2A94 /* ApplicationStore.swift */ = {isa = PBXFileReference; lastKnownFileType = sourcecode.swift; path = ApplicationStore.swift; sourceTree = "<group>"; };
		BCA3933827F203D8006B2A94 /* MainView.swift */ = {isa = PBXFileReference; lastKnownFileType = sourcecode.swift; path = MainView.swift; sourceTree = "<group>"; };
		BCA3933D27F20710006B2A94 /* FilesView.swift */ = {isa = PBXFileReference; lastKnownFileType = sourcecode.swift; path = FilesView.swift; sourceTree = "<group>"; };
		BCA3934027F2071D006B2A94 /* UploadView.swift */ = {isa = PBXFileReference; lastKnownFileType = sourcecode.swift; path = UploadView.swift; sourceTree = "<group>"; };
		BCA3934727F25D2B006B2A94 /* GoogleDriveFacade.swift */ = {isa = PBXFileReference; lastKnownFileType = sourcecode.swift; path = GoogleDriveFacade.swift; sourceTree = "<group>"; };
		BCA3934C27F25E65006B2A94 /* UploadViewModel.swift */ = {isa = PBXFileReference; lastKnownFileType = sourcecode.swift; path = UploadViewModel.swift; sourceTree = "<group>"; };
		BCA4F84B27F3402000FBF046 /* GoogleService-Info.plist */ = {isa = PBXFileReference; fileEncoding = 4; lastKnownFileType = text.plist.xml; path = "GoogleService-Info.plist"; sourceTree = "<group>"; };
		BCA4F8D127F3B55200FBF046 /* FirestoreModel.swift */ = {isa = PBXFileReference; lastKnownFileType = sourcecode.swift; path = FirestoreModel.swift; sourceTree = "<group>"; };
		BCA5182027CA854100D98A49 /* GoogleDriveService.swift */ = {isa = PBXFileReference; lastKnownFileType = sourcecode.swift; path = GoogleDriveService.swift; sourceTree = "<group>"; };
		BCA768F027E1B7DB002F0817 /* MicrosoftOneDriveModel.swift */ = {isa = PBXFileReference; lastKnownFileType = sourcecode.swift; path = MicrosoftOneDriveModel.swift; sourceTree = "<group>"; };
		BCAB051427C2A97500E7323A /* DatachestAppDelegate.swift */ = {isa = PBXFileReference; lastKnownFileType = sourcecode.swift; path = DatachestAppDelegate.swift; sourceTree = "<group>"; };
		BCAB051727C2AE5800E7323A /* DatachestSceneDelegate.swift */ = {isa = PBXFileReference; lastKnownFileType = sourcecode.swift; path = DatachestSceneDelegate.swift; sourceTree = "<group>"; };
		BCABF2B227EDFE4000617E9F /* GoogleDriveFileDownloadSession.swift */ = {isa = PBXFileReference; lastKnownFileType = sourcecode.swift; path = GoogleDriveFileDownloadSession.swift; sourceTree = "<group>"; };
		BCABF2B527EDFE6B00617E9F /* FileDownloadSession.swift */ = {isa = PBXFileReference; lastKnownFileType = sourcecode.swift; path = FileDownloadSession.swift; sourceTree = "<group>"; };
		BCABF2B927EE02BA00617E9F /* CommonCloudContainer.swift */ = {isa = PBXFileReference; lastKnownFileType = sourcecode.swift; path = CommonCloudContainer.swift; sourceTree = "<group>"; };
		BCAD586227DFA993005C4B59 /* MicrosoftOneDriveFacade.swift */ = {isa = PBXFileReference; lastKnownFileType = sourcecode.swift; path = MicrosoftOneDriveFacade.swift; sourceTree = "<group>"; };
		BCAD586527DFA9A2005C4B59 /* MicrosoftOneDriveFileUploadSession.swift */ = {isa = PBXFileReference; lastKnownFileType = sourcecode.swift; path = MicrosoftOneDriveFileUploadSession.swift; sourceTree = "<group>"; };
		BCAD586827DFA9AF005C4B59 /* MicrosoftOneDriveService.swift */ = {isa = PBXFileReference; lastKnownFileType = sourcecode.swift; path = MicrosoftOneDriveService.swift; sourceTree = "<group>"; };
		BCAD586C27DFB81F005C4B59 /* MicrosoftOneDriveEndpoints.swift */ = {isa = PBXFileReference; lastKnownFileType = sourcecode.swift; path = MicrosoftOneDriveEndpoints.swift; sourceTree = "<group>"; };
		BCBB66D427C17E27006DC95A /* datachest-ios.entitlements */ = {isa = PBXFileReference; lastKnownFileType = text.plist.entitlements; path = "datachest-ios.entitlements"; sourceTree = "<group>"; };
		BCBB66D627C17F0F006DC95A /* DropboxAuthService.swift */ = {isa = PBXFileReference; lastKnownFileType = sourcecode.swift; path = DropboxAuthService.swift; sourceTree = "<group>"; };
		BCBC57FF27BC101B0094EC20 /* GoogleAuthService.swift */ = {isa = PBXFileReference; lastKnownFileType = sourcecode.swift; path = GoogleAuthService.swift; sourceTree = "<group>"; };
		BCBC6C3D27D7F22D00E16BA2 /* FilesViewModel.swift */ = {isa = PBXFileReference; lastKnownFileType = sourcecode.swift; path = FilesViewModel.swift; sourceTree = "<group>"; };
		BCBF3A5927DE3AA600566CD7 /* DropboxService.swift */ = {isa = PBXFileReference; lastKnownFileType = sourcecode.swift; path = DropboxService.swift; sourceTree = "<group>"; };
		BCBF3A5C27DE3B1500566CD7 /* NetworkService.swift */ = {isa = PBXFileReference; lastKnownFileType = sourcecode.swift; path = NetworkService.swift; sourceTree = "<group>"; };
		BCBF3A6027DE3DC400566CD7 /* DropboxEndpoints.swift */ = {isa = PBXFileReference; lastKnownFileType = sourcecode.swift; path = DropboxEndpoints.swift; sourceTree = "<group>"; };
		BCBF3A6427DE4EF300566CD7 /* DropboxModel.swift */ = {isa = PBXFileReference; lastKnownFileType = sourcecode.swift; path = DropboxModel.swift; sourceTree = "<group>"; };
		BCC170E827D682450073789D /* GoogleDriveEndpoints.swift */ = {isa = PBXFileReference; lastKnownFileType = sourcecode.swift; path = GoogleDriveEndpoints.swift; sourceTree = "<group>"; };
		BCC1F97127F5F602008E9E38 /* MicrosoftOneDriveFileDownloadSession.swift */ = {isa = PBXFileReference; lastKnownFileType = sourcecode.swift; path = MicrosoftOneDriveFileDownloadSession.swift; sourceTree = "<group>"; };
		BCCD6CA027DD034400566F8A /* GoogleDriveFileUploadSession.swift */ = {isa = PBXFileReference; lastKnownFileType = sourcecode.swift; path = GoogleDriveFileUploadSession.swift; sourceTree = "<group>"; };
		BCEC97A127DDD817007416F5 /* DropboxFacade.swift */ = {isa = PBXFileReference; lastKnownFileType = sourcecode.swift; path = DropboxFacade.swift; sourceTree = "<group>"; };
		BCEC97A427DDD84E007416F5 /* DropboxFileUploadSession.swift */ = {isa = PBXFileReference; lastKnownFileType = sourcecode.swift; path = DropboxFileUploadSession.swift; sourceTree = "<group>"; };
		BCEC97A727DDD8B1007416F5 /* FileUploadSession.swift */ = {isa = PBXFileReference; lastKnownFileType = sourcecode.swift; path = FileUploadSession.swift; sourceTree = "<group>"; };
		BCFBCA0C27C10929000DF554 /* MicrosoftAuthService.swift */ = {isa = PBXFileReference; lastKnownFileType = sourcecode.swift; path = MicrosoftAuthService.swift; sourceTree = "<group>"; };
		C3E352177E478A37BF0A1612 /* Pods_datachest_ios.framework */ = {isa = PBXFileReference; explicitFileType = wrapper.framework; includeInIndex = 0; path = Pods_datachest_ios.framework; sourceTree = BUILT_PRODUCTS_DIR; };
		EF401048DADBE4D0E848F60D /* Pods-datachest-ios.debug.xcconfig */ = {isa = PBXFileReference; includeInIndex = 1; lastKnownFileType = text.xcconfig; name = "Pods-datachest-ios.debug.xcconfig"; path = "Target Support Files/Pods-datachest-ios/Pods-datachest-ios.debug.xcconfig"; sourceTree = "<group>"; };
/* End PBXFileReference section */

/* Begin PBXFrameworksBuildPhase section */
		BC884183274FF44C00E6E1E2 /* Frameworks */ = {
			isa = PBXFrameworksBuildPhase;
			buildActionMask = 2147483647;
			files = (
				8874458ED03EA2C502219A70 /* Pods_datachest_ios.framework in Frameworks */,
			);
			runOnlyForDeploymentPostprocessing = 0;
		};
/* End PBXFrameworksBuildPhase section */

/* Begin PBXGroup section */
		0B0A11A0F04935C9B3B89580 /* Pods */ = {
			isa = PBXGroup;
			children = (
				EF401048DADBE4D0E848F60D /* Pods-datachest-ios.debug.xcconfig */,
				8221AF8B4D1DCE04AD81D5B1 /* Pods-datachest-ios.release.xcconfig */,
			);
			path = Pods;
			sourceTree = "<group>";
		};
		9D1B852B317A69F4DB94FB7C /* Frameworks */ = {
			isa = PBXGroup;
			children = (
				C3E352177E478A37BF0A1612 /* Pods_datachest_ios.framework */,
			);
			name = Frameworks;
			sourceTree = "<group>";
		};
		BC88417D274FF44C00E6E1E2 = {
			isa = PBXGroup;
			children = (
				BC884188274FF44C00E6E1E2 /* datachest-ios */,
				BC884187274FF44C00E6E1E2 /* Products */,
				0B0A11A0F04935C9B3B89580 /* Pods */,
				9D1B852B317A69F4DB94FB7C /* Frameworks */,
			);
			sourceTree = "<group>";
		};
		BC884187274FF44C00E6E1E2 /* Products */ = {
			isa = PBXGroup;
			children = (
				BC884186274FF44C00E6E1E2 /* datachest-ios.app */,
			);
			name = Products;
			sourceTree = "<group>";
		};
		BC884188274FF44C00E6E1E2 /* datachest-ios */ = {
			isa = PBXGroup;
			children = (
				BCA4F84B27F3402000FBF046 /* GoogleService-Info.plist */,
				BCBF3A6327DE4ECE00566CD7 /* models */,
				BCB3344D27EAB5A400274530 /* services */,
				BCA5181F27CA84FD00D98A49 /* cloud-provider-api */,
				BCBB66D427C17E27006DC95A /* datachest-ios.entitlements */,
				BCFBCA0A27C105B3000DF554 /* auth */,
				BCBC57FA27BC079C0094EC20 /* endpoints */,
				BCBC57F427BC06000094EC20 /* UI */,
				BC8841A0274FF57000E6E1E2 /* core */,
				BC884189274FF44C00E6E1E2 /* datachest_iosApp.swift */,
				BC88418D274FF44D00E6E1E2 /* Assets.xcassets */,
				BC884192274FF44D00E6E1E2 /* Info.plist */,
				BC88418F274FF44D00E6E1E2 /* Preview Content */,
				BCAB051427C2A97500E7323A /* DatachestAppDelegate.swift */,
				BCAB051727C2AE5800E7323A /* DatachestSceneDelegate.swift */,
			);
			path = "datachest-ios";
			sourceTree = "<group>";
		};
		BC88418F274FF44D00E6E1E2 /* Preview Content */ = {
			isa = PBXGroup;
			children = (
				BC884190274FF44D00E6E1E2 /* Preview Assets.xcassets */,
			);
			path = "Preview Content";
			sourceTree = "<group>";
		};
		BC8841A0274FF57000E6E1E2 /* core */ = {
			isa = PBXGroup;
			children = (
				BC8841A1274FF57C00E6E1E2 /* ShamirSecretSharing.swift */,
				BC9E65A727D7C68F00A6E99F /* SignedUser.swift */,
				BC9E65AA27D7C72500A6E99F /* KeychainHelper.swift */,
				BCA3933427F1FCCD006B2A94 /* ApplicationStore.swift */,
				BC0C23EB27F2781A00093020 /* DeviceHelper.swift */,
			);
			path = core;
			sourceTree = "<group>";
		};
		BCA3934427F25C9D006B2A94 /* viewmodels */ = {
			isa = PBXGroup;
			children = (
				BCBC6C3D27D7F22D00E16BA2 /* FilesViewModel.swift */,
				BCA3934C27F25E65006B2A94 /* UploadViewModel.swift */,
			);
			path = viewmodels;
			sourceTree = "<group>";
		};
		BCA3934627F25CAE006B2A94 /* views */ = {
			isa = PBXGroup;
			children = (
				BCA3933827F203D8006B2A94 /* MainView.swift */,
				BCA3933D27F20710006B2A94 /* FilesView.swift */,
				BCA3934027F2071D006B2A94 /* UploadView.swift */,
				BC88418B274FF44C00E6E1E2 /* ProfileView.swift */,
			);
			path = views;
			sourceTree = "<group>";
		};
		BCA5181F27CA84FD00D98A49 /* cloud-provider-api */ = {
			isa = PBXGroup;
			children = (
				BCA3934727F25D2B006B2A94 /* GoogleDriveFacade.swift */,
				BCCD6CA027DD034400566F8A /* GoogleDriveFileUploadSession.swift */,
				BCABF2B227EDFE4000617E9F /* GoogleDriveFileDownloadSession.swift */,
				BCAD586227DFA993005C4B59 /* MicrosoftOneDriveFacade.swift */,
				BCAD586527DFA9A2005C4B59 /* MicrosoftOneDriveFileUploadSession.swift */,
				BCC1F97127F5F602008E9E38 /* MicrosoftOneDriveFileDownloadSession.swift */,
				BCEC97A127DDD817007416F5 /* DropboxFacade.swift */,
				BCEC97A427DDD84E007416F5 /* DropboxFileUploadSession.swift */,
				BCEC97A727DDD8B1007416F5 /* FileUploadSession.swift */,
				BCABF2B527EDFE6B00617E9F /* FileDownloadSession.swift */,
				BCABF2B927EE02BA00617E9F /* CommonCloudContainer.swift */,
			);
			path = "cloud-provider-api";
			sourceTree = "<group>";
		};
		BCB3344D27EAB5A400274530 /* services */ = {
			isa = PBXGroup;
			children = (
				BCA5182027CA854100D98A49 /* GoogleDriveService.swift */,
				BCAD586827DFA9AF005C4B59 /* MicrosoftOneDriveService.swift */,
				BCBF3A5927DE3AA600566CD7 /* DropboxService.swift */,
				BCBF3A5C27DE3B1500566CD7 /* NetworkService.swift */,
			);
			path = services;
			sourceTree = "<group>";
		};
		BCBC57F427BC06000094EC20 /* UI */ = {
			isa = PBXGroup;
			children = (
				BCA3934627F25CAE006B2A94 /* views */,
				BCA3934427F25C9D006B2A94 /* viewmodels */,
			);
			path = UI;
			sourceTree = "<group>";
		};
		BCBC57FA27BC079C0094EC20 /* endpoints */ = {
			isa = PBXGroup;
			children = (
				BCC170E827D682450073789D /* GoogleDriveEndpoints.swift */,
				BCBF3A6027DE3DC400566CD7 /* DropboxEndpoints.swift */,
				BCAD586C27DFB81F005C4B59 /* MicrosoftOneDriveEndpoints.swift */,
				BC9E65A427D7B75000A6E99F /* Endpoint.swift */,
			);
			path = endpoints;
			sourceTree = "<group>";
		};
		BCBF3A6327DE4ECE00566CD7 /* models */ = {
			isa = PBXGroup;
			children = (
				BCBF3A6427DE4EF300566CD7 /* DropboxModel.swift */,
				BCA768F027E1B7DB002F0817 /* MicrosoftOneDriveModel.swift */,
				BC9C7E8E27E7A94700ECCA44 /* GoogleDriveModel.swift */,
				BC9C7E9127E7F2DC00ECCA44 /* DatachestModel.swift */,
				BCA4F8D127F3B55200FBF046 /* FirestoreModel.swift */,
			);
			path = models;
			sourceTree = "<group>";
		};
		BCFBCA0A27C105B3000DF554 /* auth */ = {
			isa = PBXGroup;
			children = (
				BCBC57FF27BC101B0094EC20 /* GoogleAuthService.swift */,
				BCFBCA0C27C10929000DF554 /* MicrosoftAuthService.swift */,
				BCBB66D627C17F0F006DC95A /* DropboxAuthService.swift */,
			);
			path = auth;
			sourceTree = "<group>";
		};
/* End PBXGroup section */

/* Begin PBXNativeTarget section */
		BC884185274FF44C00E6E1E2 /* datachest-ios */ = {
			isa = PBXNativeTarget;
			buildConfigurationList = BC884195274FF44D00E6E1E2 /* Build configuration list for PBXNativeTarget "datachest-ios" */;
			buildPhases = (
				DBF5BEABB74640CDDC85D4C0 /* [CP] Check Pods Manifest.lock */,
				BC884182274FF44C00E6E1E2 /* Sources */,
				BC884183274FF44C00E6E1E2 /* Frameworks */,
				BC884184274FF44C00E6E1E2 /* Resources */,
				C3C71E7E8C57D97C6296122B /* [CP] Embed Pods Frameworks */,
			);
			buildRules = (
			);
			dependencies = (
			);
			name = "datachest-ios";
			productName = "datachest-ios";
			productReference = BC884186274FF44C00E6E1E2 /* datachest-ios.app */;
			productType = "com.apple.product-type.application";
		};
/* End PBXNativeTarget section */

/* Begin PBXProject section */
		BC88417E274FF44C00E6E1E2 /* Project object */ = {
			isa = PBXProject;
			attributes = {
				LastSwiftUpdateCheck = 1240;
				LastUpgradeCheck = 1240;
				TargetAttributes = {
					BC884185274FF44C00E6E1E2 = {
						CreatedOnToolsVersion = 12.4;
					};
				};
			};
			buildConfigurationList = BC884181274FF44C00E6E1E2 /* Build configuration list for PBXProject "datachest-ios" */;
			compatibilityVersion = "Xcode 9.3";
			developmentRegion = en;
			hasScannedForEncodings = 0;
			knownRegions = (
				en,
				Base,
			);
			mainGroup = BC88417D274FF44C00E6E1E2;
			productRefGroup = BC884187274FF44C00E6E1E2 /* Products */;
			projectDirPath = "";
			projectRoot = "";
			targets = (
				BC884185274FF44C00E6E1E2 /* datachest-ios */,
			);
		};
/* End PBXProject section */

/* Begin PBXResourcesBuildPhase section */
		BC884184274FF44C00E6E1E2 /* Resources */ = {
			isa = PBXResourcesBuildPhase;
			buildActionMask = 2147483647;
			files = (
				BC884191274FF44D00E6E1E2 /* Preview Assets.xcassets in Resources */,
				BC88418E274FF44D00E6E1E2 /* Assets.xcassets in Resources */,
				BCA4F84C27F3402000FBF046 /* GoogleService-Info.plist in Resources */,
			);
			runOnlyForDeploymentPostprocessing = 0;
		};
/* End PBXResourcesBuildPhase section */

/* Begin PBXShellScriptBuildPhase section */
		C3C71E7E8C57D97C6296122B /* [CP] Embed Pods Frameworks */ = {
			isa = PBXShellScriptBuildPhase;
			buildActionMask = 2147483647;
			files = (
			);
			inputFileListPaths = (
				"${PODS_ROOT}/Target Support Files/Pods-datachest-ios/Pods-datachest-ios-frameworks-${CONFIGURATION}-input-files.xcfilelist",
			);
			name = "[CP] Embed Pods Frameworks";
			outputFileListPaths = (
				"${PODS_ROOT}/Target Support Files/Pods-datachest-ios/Pods-datachest-ios-frameworks-${CONFIGURATION}-output-files.xcfilelist",
			);
			runOnlyForDeploymentPostprocessing = 0;
			shellPath = /bin/sh;
			shellScript = "\"${PODS_ROOT}/Target Support Files/Pods-datachest-ios/Pods-datachest-ios-frameworks.sh\"\n";
			showEnvVarsInLog = 0;
		};
		DBF5BEABB74640CDDC85D4C0 /* [CP] Check Pods Manifest.lock */ = {
			isa = PBXShellScriptBuildPhase;
			buildActionMask = 2147483647;
			files = (
			);
			inputFileListPaths = (
			);
			inputPaths = (
				"${PODS_PODFILE_DIR_PATH}/Podfile.lock",
				"${PODS_ROOT}/Manifest.lock",
			);
			name = "[CP] Check Pods Manifest.lock";
			outputFileListPaths = (
			);
			outputPaths = (
				"$(DERIVED_FILE_DIR)/Pods-datachest-ios-checkManifestLockResult.txt",
			);
			runOnlyForDeploymentPostprocessing = 0;
			shellPath = /bin/sh;
			shellScript = "diff \"${PODS_PODFILE_DIR_PATH}/Podfile.lock\" \"${PODS_ROOT}/Manifest.lock\" > /dev/null\nif [ $? != 0 ] ; then\n    # print error to STDERR\n    echo \"error: The sandbox is not in sync with the Podfile.lock. Run 'pod install' or update your CocoaPods installation.\" >&2\n    exit 1\nfi\n# This output is used by Xcode 'outputs' to avoid re-running this script phase.\necho \"SUCCESS\" > \"${SCRIPT_OUTPUT_FILE_0}\"\n";
			showEnvVarsInLog = 0;
		};
/* End PBXShellScriptBuildPhase section */

/* Begin PBXSourcesBuildPhase section */
		BC884182274FF44C00E6E1E2 /* Sources */ = {
			isa = PBXSourcesBuildPhase;
			buildActionMask = 2147483647;
			files = (
				BCBF3A5A27DE3AA600566CD7 /* DropboxService.swift in Sources */,
				BCA3934827F25D2B006B2A94 /* GoogleDriveFacade.swift in Sources */,
				BCEC97A227DDD817007416F5 /* DropboxFacade.swift in Sources */,
				BCEC97A527DDD84E007416F5 /* DropboxFileUploadSession.swift in Sources */,
				BCAD586927DFA9AF005C4B59 /* MicrosoftOneDriveService.swift in Sources */,
				BC9E65A827D7C68F00A6E99F /* SignedUser.swift in Sources */,
				BCA5182127CA854100D98A49 /* GoogleDriveService.swift in Sources */,
				BCBB66D727C17F0F006DC95A /* DropboxAuthService.swift in Sources */,
				BC9C7E9227E7F2DC00ECCA44 /* DatachestModel.swift in Sources */,
				BCBF3A6527DE4EF300566CD7 /* DropboxModel.swift in Sources */,
				BC88418C274FF44C00E6E1E2 /* ProfileView.swift in Sources */,
				BCABF2B627EDFE6B00617E9F /* FileDownloadSession.swift in Sources */,
				BCA3933927F203D8006B2A94 /* MainView.swift in Sources */,
				BC9E65A527D7B75000A6E99F /* Endpoint.swift in Sources */,
				BC8841A2274FF57C00E6E1E2 /* ShamirSecretSharing.swift in Sources */,
				BCCD6CA127DD034400566F8A /* GoogleDriveFileUploadSession.swift in Sources */,
				BCBF3A6127DE3DC400566CD7 /* DropboxEndpoints.swift in Sources */,
				BCAD586327DFA993005C4B59 /* MicrosoftOneDriveFacade.swift in Sources */,
				BCBF3A5D27DE3B1500566CD7 /* NetworkService.swift in Sources */,
				BCC1F97227F5F602008E9E38 /* MicrosoftOneDriveFileDownloadSession.swift in Sources */,
				BCEC97A827DDD8B1007416F5 /* FileUploadSession.swift in Sources */,
				BCAB051827C2AE5800E7323A /* DatachestSceneDelegate.swift in Sources */,
				BCABF2B327EDFE4000617E9F /* GoogleDriveFileDownloadSession.swift in Sources */,
				BC0C23EC27F2781A00093020 /* DeviceHelper.swift in Sources */,
				BCBC6C3E27D7F22D00E16BA2 /* FilesViewModel.swift in Sources */,
				BC88418A274FF44C00E6E1E2 /* datachest_iosApp.swift in Sources */,
				BCA768F127E1B7DB002F0817 /* MicrosoftOneDriveModel.swift in Sources */,
				BCFBCA0D27C10929000DF554 /* MicrosoftAuthService.swift in Sources */,
				BCA4F8D227F3B55200FBF046 /* FirestoreModel.swift in Sources */,
				BCABF2BA27EE02BA00617E9F /* CommonCloudContainer.swift in Sources */,
				BC9C7E8F27E7A94700ECCA44 /* GoogleDriveModel.swift in Sources */,
				BCA3934127F2071D006B2A94 /* UploadView.swift in Sources */,
				BCA3933527F1FCCD006B2A94 /* ApplicationStore.swift in Sources */,
				BCC170E927D682450073789D /* GoogleDriveEndpoints.swift in Sources */,
				BCAB051527C2A97500E7323A /* DatachestAppDelegate.swift in Sources */,
				BCAD586D27DFB81F005C4B59 /* MicrosoftOneDriveEndpoints.swift in Sources */,
				BC9E65AB27D7C72500A6E99F /* KeychainHelper.swift in Sources */,
				BCAD586627DFA9A2005C4B59 /* MicrosoftOneDriveFileUploadSession.swift in Sources */,
				BCBC580027BC101B0094EC20 /* GoogleAuthService.swift in Sources */,
				BCA3933E27F20710006B2A94 /* FilesView.swift in Sources */,
				BCA3934D27F25E65006B2A94 /* UploadViewModel.swift in Sources */,
			);
			runOnlyForDeploymentPostprocessing = 0;
		};
/* End PBXSourcesBuildPhase section */

/* Begin XCBuildConfiguration section */
		BC884193274FF44D00E6E1E2 /* Debug */ = {
			isa = XCBuildConfiguration;
			buildSettings = {
				ALWAYS_SEARCH_USER_PATHS = NO;
				CLANG_ANALYZER_NONNULL = YES;
				CLANG_ANALYZER_NUMBER_OBJECT_CONVERSION = YES_AGGRESSIVE;
				CLANG_CXX_LANGUAGE_STANDARD = "gnu++14";
				CLANG_CXX_LIBRARY = "libc++";
				CLANG_ENABLE_MODULES = YES;
				CLANG_ENABLE_OBJC_ARC = YES;
				CLANG_ENABLE_OBJC_WEAK = YES;
				CLANG_WARN_BLOCK_CAPTURE_AUTORELEASING = YES;
				CLANG_WARN_BOOL_CONVERSION = YES;
				CLANG_WARN_COMMA = YES;
				CLANG_WARN_CONSTANT_CONVERSION = YES;
				CLANG_WARN_DEPRECATED_OBJC_IMPLEMENTATIONS = YES;
				CLANG_WARN_DIRECT_OBJC_ISA_USAGE = YES_ERROR;
				CLANG_WARN_DOCUMENTATION_COMMENTS = YES;
				CLANG_WARN_EMPTY_BODY = YES;
				CLANG_WARN_ENUM_CONVERSION = YES;
				CLANG_WARN_INFINITE_RECURSION = YES;
				CLANG_WARN_INT_CONVERSION = YES;
				CLANG_WARN_NON_LITERAL_NULL_CONVERSION = YES;
				CLANG_WARN_OBJC_IMPLICIT_RETAIN_SELF = YES;
				CLANG_WARN_OBJC_LITERAL_CONVERSION = YES;
				CLANG_WARN_OBJC_ROOT_CLASS = YES_ERROR;
				CLANG_WARN_QUOTED_INCLUDE_IN_FRAMEWORK_HEADER = YES;
				CLANG_WARN_RANGE_LOOP_ANALYSIS = YES;
				CLANG_WARN_STRICT_PROTOTYPES = YES;
				CLANG_WARN_SUSPICIOUS_MOVE = YES;
				CLANG_WARN_UNGUARDED_AVAILABILITY = YES_AGGRESSIVE;
				CLANG_WARN_UNREACHABLE_CODE = YES;
				CLANG_WARN__DUPLICATE_METHOD_MATCH = YES;
				COPY_PHASE_STRIP = NO;
				DEBUG_INFORMATION_FORMAT = dwarf;
				ENABLE_STRICT_OBJC_MSGSEND = YES;
				ENABLE_TESTABILITY = YES;
				GCC_C_LANGUAGE_STANDARD = gnu11;
				GCC_DYNAMIC_NO_PIC = NO;
				GCC_NO_COMMON_BLOCKS = YES;
				GCC_OPTIMIZATION_LEVEL = 0;
				GCC_PREPROCESSOR_DEFINITIONS = (
					"DEBUG=1",
					"$(inherited)",
				);
				GCC_WARN_64_TO_32_BIT_CONVERSION = YES;
				GCC_WARN_ABOUT_RETURN_TYPE = YES_ERROR;
				GCC_WARN_UNDECLARED_SELECTOR = YES;
				GCC_WARN_UNINITIALIZED_AUTOS = YES_AGGRESSIVE;
				GCC_WARN_UNUSED_FUNCTION = YES;
				GCC_WARN_UNUSED_VARIABLE = YES;
				IPHONEOS_DEPLOYMENT_TARGET = 14.4;
				MTL_ENABLE_DEBUG_INFO = INCLUDE_SOURCE;
				MTL_FAST_MATH = YES;
				ONLY_ACTIVE_ARCH = YES;
				SDKROOT = iphoneos;
				SWIFT_ACTIVE_COMPILATION_CONDITIONS = DEBUG;
				SWIFT_OPTIMIZATION_LEVEL = "-Onone";
			};
			name = Debug;
		};
		BC884194274FF44D00E6E1E2 /* Release */ = {
			isa = XCBuildConfiguration;
			buildSettings = {
				ALWAYS_SEARCH_USER_PATHS = NO;
				CLANG_ANALYZER_NONNULL = YES;
				CLANG_ANALYZER_NUMBER_OBJECT_CONVERSION = YES_AGGRESSIVE;
				CLANG_CXX_LANGUAGE_STANDARD = "gnu++14";
				CLANG_CXX_LIBRARY = "libc++";
				CLANG_ENABLE_MODULES = YES;
				CLANG_ENABLE_OBJC_ARC = YES;
				CLANG_ENABLE_OBJC_WEAK = YES;
				CLANG_WARN_BLOCK_CAPTURE_AUTORELEASING = YES;
				CLANG_WARN_BOOL_CONVERSION = YES;
				CLANG_WARN_COMMA = YES;
				CLANG_WARN_CONSTANT_CONVERSION = YES;
				CLANG_WARN_DEPRECATED_OBJC_IMPLEMENTATIONS = YES;
				CLANG_WARN_DIRECT_OBJC_ISA_USAGE = YES_ERROR;
				CLANG_WARN_DOCUMENTATION_COMMENTS = YES;
				CLANG_WARN_EMPTY_BODY = YES;
				CLANG_WARN_ENUM_CONVERSION = YES;
				CLANG_WARN_INFINITE_RECURSION = YES;
				CLANG_WARN_INT_CONVERSION = YES;
				CLANG_WARN_NON_LITERAL_NULL_CONVERSION = YES;
				CLANG_WARN_OBJC_IMPLICIT_RETAIN_SELF = YES;
				CLANG_WARN_OBJC_LITERAL_CONVERSION = YES;
				CLANG_WARN_OBJC_ROOT_CLASS = YES_ERROR;
				CLANG_WARN_QUOTED_INCLUDE_IN_FRAMEWORK_HEADER = YES;
				CLANG_WARN_RANGE_LOOP_ANALYSIS = YES;
				CLANG_WARN_STRICT_PROTOTYPES = YES;
				CLANG_WARN_SUSPICIOUS_MOVE = YES;
				CLANG_WARN_UNGUARDED_AVAILABILITY = YES_AGGRESSIVE;
				CLANG_WARN_UNREACHABLE_CODE = YES;
				CLANG_WARN__DUPLICATE_METHOD_MATCH = YES;
				COPY_PHASE_STRIP = NO;
				DEBUG_INFORMATION_FORMAT = "dwarf-with-dsym";
				ENABLE_NS_ASSERTIONS = NO;
				ENABLE_STRICT_OBJC_MSGSEND = YES;
				GCC_C_LANGUAGE_STANDARD = gnu11;
				GCC_NO_COMMON_BLOCKS = YES;
				GCC_WARN_64_TO_32_BIT_CONVERSION = YES;
				GCC_WARN_ABOUT_RETURN_TYPE = YES_ERROR;
				GCC_WARN_UNDECLARED_SELECTOR = YES;
				GCC_WARN_UNINITIALIZED_AUTOS = YES_AGGRESSIVE;
				GCC_WARN_UNUSED_FUNCTION = YES;
				GCC_WARN_UNUSED_VARIABLE = YES;
				IPHONEOS_DEPLOYMENT_TARGET = 14.4;
				MTL_ENABLE_DEBUG_INFO = NO;
				MTL_FAST_MATH = YES;
				SDKROOT = iphoneos;
				SWIFT_COMPILATION_MODE = wholemodule;
				SWIFT_OPTIMIZATION_LEVEL = "-O";
				VALIDATE_PRODUCT = YES;
			};
			name = Release;
		};
		BC884196274FF44D00E6E1E2 /* Debug */ = {
			isa = XCBuildConfiguration;
			baseConfigurationReference = EF401048DADBE4D0E848F60D /* Pods-datachest-ios.debug.xcconfig */;
			buildSettings = {
				ASSETCATALOG_COMPILER_APPICON_NAME = AppIcon;
				ASSETCATALOG_COMPILER_GLOBAL_ACCENT_COLOR_NAME = AccentColor;
				CODE_SIGN_ENTITLEMENTS = "datachest-ios/datachest-ios.entitlements";
				CODE_SIGN_STYLE = Automatic;
				DEVELOPMENT_ASSET_PATHS = "\"datachest-ios/Preview Content\"";
				DEVELOPMENT_TEAM = 64F67BZAA2;
				ENABLE_PREVIEWS = YES;
				INFOPLIST_FILE = "datachest-ios/Info.plist";
				IPHONEOS_DEPLOYMENT_TARGET = 14.0;
				LD_RUNPATH_SEARCH_PATHS = (
					"$(inherited)",
					"@executable_path/Frameworks",
				);
				PRODUCT_BUNDLE_IDENTIFIER = "petercurikjr.datachest-ios";
				PRODUCT_NAME = "$(TARGET_NAME)";
				SWIFT_VERSION = 5.0;
				TARGETED_DEVICE_FAMILY = "1,2";
			};
			name = Debug;
		};
		BC884197274FF44D00E6E1E2 /* Release */ = {
			isa = XCBuildConfiguration;
			baseConfigurationReference = 8221AF8B4D1DCE04AD81D5B1 /* Pods-datachest-ios.release.xcconfig */;
			buildSettings = {
				ASSETCATALOG_COMPILER_APPICON_NAME = AppIcon;
				ASSETCATALOG_COMPILER_GLOBAL_ACCENT_COLOR_NAME = AccentColor;
				CODE_SIGN_ENTITLEMENTS = "datachest-ios/datachest-ios.entitlements";
				CODE_SIGN_STYLE = Automatic;
				DEVELOPMENT_ASSET_PATHS = "\"datachest-ios/Preview Content\"";
				DEVELOPMENT_TEAM = 64F67BZAA2;
				ENABLE_PREVIEWS = YES;
				INFOPLIST_FILE = "datachest-ios/Info.plist";
				IPHONEOS_DEPLOYMENT_TARGET = 14.0;
				LD_RUNPATH_SEARCH_PATHS = (
					"$(inherited)",
					"@executable_path/Frameworks",
				);
				PRODUCT_BUNDLE_IDENTIFIER = "petercurikjr.datachest-ios";
				PRODUCT_NAME = "$(TARGET_NAME)";
				SWIFT_VERSION = 5.0;
				TARGETED_DEVICE_FAMILY = "1,2";
			};
			name = Release;
		};
/* End XCBuildConfiguration section */

/* Begin XCConfigurationList section */
		BC884181274FF44C00E6E1E2 /* Build configuration list for PBXProject "datachest-ios" */ = {
			isa = XCConfigurationList;
			buildConfigurations = (
				BC884193274FF44D00E6E1E2 /* Debug */,
				BC884194274FF44D00E6E1E2 /* Release */,
			);
			defaultConfigurationIsVisible = 0;
			defaultConfigurationName = Release;
		};
		BC884195274FF44D00E6E1E2 /* Build configuration list for PBXNativeTarget "datachest-ios" */ = {
			isa = XCConfigurationList;
			buildConfigurations = (
				BC884196274FF44D00E6E1E2 /* Debug */,
				BC884197274FF44D00E6E1E2 /* Release */,
			);
			defaultConfigurationIsVisible = 0;
			defaultConfigurationName = Release;
		};
/* End XCConfigurationList section */
	};
	rootObject = BC88417E274FF44C00E6E1E2 /* Project object */;
}
